
Microsoft Visual Studio Solution File, Format Version 12.00
# Visual Studio Version 17
VisualStudioVersion = 17.9.34714.143
MinimumVisualStudioVersion = 10.0.40219.1
Project("{FAE04EC0-301F-11D3-BF4B-00C04F79EFBC}") = "MVC.Budget.frockett", "MVC.Budget.frockett\MVC.Budget.frockett.csproj", "{5531C15E-0F13-411D-B368-F2B7123F84BA}"
EndProject
Global
	GlobalSection(SolutionConfigurationPlatforms) = preSolution
		Debug|Any CPU = Debug|Any CPU
		Release|Any CPU = Release|Any CPU
	EndGlobalSection
	GlobalSection(ProjectConfigurationPlatforms) = postSolution
		{5531C15E-0F13-411D-B368-F2B7123F84BA}.Debug|Any CPU.ActiveCfg = Debug|Any CPU
		{5531C15E-0F13-411D-B368-F2B7123F84BA}.Debug|Any CPU.Build.0 = Debug|Any CPU
		{5531C15E-0F13-411D-B368-F2B7123F84BA}.Release|Any CPU.ActiveCfg = Release|Any CPU
		{5531C15E-0F13-411D-B368-F2B7123F84BA}.Release|Any CPU.Build.0 = Release|Any CPU
	EndGlobalSection
	GlobalSection(SolutionProperties) = preSolution
		HideSolutionNode = FALSE
	EndGlobalSection
	GlobalSection(ExtensibilityGlobals) = postSolution
		SolutionGuid = {79A741B2-2FD0-4347-88E8-DD58A12B11C7}
	EndGlobalSection
EndGlobal
