
Microsoft Visual Studio Solution File, Format Version 12.00
# Visual Studio Version 17
VisualStudioVersion = 17.7.33711.374
MinimumVisualStudioVersion = 10.0.40219.1
Project("{FAE04EC0-301F-11D3-BF4B-00C04F79EFBC}") = "MvcBudget", "MvcBudget\MvcBudget.csproj", "{92137FD2-D9D7-4692-AFA5-083E5C42F5D4}"
EndProject
Global
	GlobalSection(SolutionConfigurationPlatforms) = preSolution
		Debug|Any CPU = Debug|Any CPU
		Release|Any CPU = Release|Any CPU
	EndGlobalSection
	GlobalSection(ProjectConfigurationPlatforms) = postSolution
		{92137FD2-D9D7-4692-AFA5-083E5C42F5D4}.Debug|Any CPU.ActiveCfg = Debug|Any CPU
		{92137FD2-D9D7-4692-AFA5-083E5C42F5D4}.Debug|Any CPU.Build.0 = Debug|Any CPU
		{92137FD2-D9D7-4692-AFA5-083E5C42F5D4}.Release|Any CPU.ActiveCfg = Release|Any CPU
		{92137FD2-D9D7-4692-AFA5-083E5C42F5D4}.Release|Any CPU.Build.0 = Release|Any CPU
	EndGlobalSection
	GlobalSection(SolutionProperties) = preSolution
		HideSolutionNode = FALSE
	EndGlobalSection
	GlobalSection(ExtensibilityGlobals) = postSolution
		SolutionGuid = {1E768EC6-0F18-46FA-9146-2B2048D73DD9}
	EndGlobalSection
EndGlobal
